
Microsoft Visual Studio Solution File, Format Version 12.00
# Visual Studio Version 17
VisualStudioVersion = 17.1.32421.90
MinimumVisualStudioVersion = 10.0.40219.1
Project("{FAE04EC0-301F-11D3-BF4B-00C04F79EFBC}") = "mouseactive", "mouseactive\mouseactive.csproj", "{8DC86082-B5EB-4383-9A5F-86319F65F62E}"
EndProject
Global
	GlobalSection(SolutionConfigurationPlatforms) = preSolution
		Debug|Any CPU = Debug|Any CPU
		Release|Any CPU = Release|Any CPU
	EndGlobalSection
	GlobalSection(ProjectConfigurationPlatforms) = postSolution
		{8DC86082-B5EB-4383-9A5F-86319F65F62E}.Debug|Any CPU.ActiveCfg = Debug|Any CPU
		{8DC86082-B5EB-4383-9A5F-86319F65F62E}.Debug|Any CPU.Build.0 = Debug|Any CPU
		{8DC86082-B5EB-4383-9A5F-86319F65F62E}.Release|Any CPU.ActiveCfg = Release|Any CPU
		{8DC86082-B5EB-4383-9A5F-86319F65F62E}.Release|Any CPU.Build.0 = Release|Any CPU
	EndGlobalSection
	GlobalSection(SolutionProperties) = preSolution
		HideSolutionNode = FALSE
	EndGlobalSection
	GlobalSection(ExtensibilityGlobals) = postSolution
		SolutionGuid = {0158E456-6555-44AC-86DC-8D3A6EB7ACED}
	EndGlobalSection
EndGlobal
